
Microsoft Visual Studio Solution File, Format Version 11.00
# Visual Studio 2010
Project("{FAE04EC0-301F-11D3-BF4B-00C04F79EFBC}") = "EmiForum", "EmiForum\EmiForum.csproj", "{6382DD1C-9E82-47D1-99A4-1ABBEEABAABC}"
EndProject
Project("{FAE04EC0-301F-11D3-BF4B-00C04F79EFBC}") = "DeepinSummer", "..\..\DeepinSummer\trunk\DeepinSummer\DeepinSummer.csproj", "{67268E9E-AA3B-4D9E-956A-158922DA6B79}"
EndProject
Project("{FAE04EC0-301F-11D3-BF4B-00C04F79EFBC}") = "MvcStudies", "MvcStudies\MvcStudies.csproj", "{29B14151-E76D-459D-AB2F-50658AA9105E}"
EndProject
Project("{2150E333-8FDC-42A3-9474-1A3956D46DE8}") = "Temp", "Temp", "{D2937C1E-47ED-474E-8139-BF00B9B2F814}"
	ProjectSection(SolutionItems) = preProject
		temp.txt = temp.txt
	EndProjectSection
EndProject
Project("{E24C65DC-7377-472B-9ABA-BC803B73C61A}") = "TestWeb", "EmiForum\TestWeb", "{1A1ECFC0-CD41-47A0-9574-07317AA6F577}"
	ProjectSection(WebsiteProperties) = preProject
		TargetFrameworkMoniker = ".NETFramework,Version%3Dv4.0"
		Debug.AspNetCompiler.VirtualPath = "/TestWeb"
		Debug.AspNetCompiler.PhysicalPath = "EmiForum\TestWeb\"
		Debug.AspNetCompiler.TargetPath = "PrecompiledWeb\TestWeb\"
		Debug.AspNetCompiler.Updateable = "true"
		Debug.AspNetCompiler.ForceOverwrite = "true"
		Debug.AspNetCompiler.FixedNames = "false"
		Debug.AspNetCompiler.Debug = "True"
		Release.AspNetCompiler.VirtualPath = "/TestWeb"
		Release.AspNetCompiler.PhysicalPath = "EmiForum\TestWeb\"
		Release.AspNetCompiler.TargetPath = "PrecompiledWeb\TestWeb\"
		Release.AspNetCompiler.Updateable = "true"
		Release.AspNetCompiler.ForceOverwrite = "true"
		Release.AspNetCompiler.FixedNames = "false"
		Release.AspNetCompiler.Debug = "False"
		VWDPort = "3819"
		DefaultWebSiteLanguage = "Visual C#"
	EndProjectSection
EndProject
Global
	GlobalSection(SolutionConfigurationPlatforms) = preSolution
		Debug|Any CPU = Debug|Any CPU
		Debug|x86 = Debug|x86
		Release|Any CPU = Release|Any CPU
		Release|x86 = Release|x86
	EndGlobalSection
	GlobalSection(ProjectConfigurationPlatforms) = postSolution
		{6382DD1C-9E82-47D1-99A4-1ABBEEABAABC}.Debug|Any CPU.ActiveCfg = Debug|Any CPU
		{6382DD1C-9E82-47D1-99A4-1ABBEEABAABC}.Debug|Any CPU.Build.0 = Debug|Any CPU
		{6382DD1C-9E82-47D1-99A4-1ABBEEABAABC}.Debug|x86.ActiveCfg = Debug|Any CPU
		{6382DD1C-9E82-47D1-99A4-1ABBEEABAABC}.Release|Any CPU.ActiveCfg = Release|Any CPU
		{6382DD1C-9E82-47D1-99A4-1ABBEEABAABC}.Release|Any CPU.Build.0 = Release|Any CPU
		{6382DD1C-9E82-47D1-99A4-1ABBEEABAABC}.Release|x86.ActiveCfg = Release|Any CPU
		{67268E9E-AA3B-4D9E-956A-158922DA6B79}.Debug|Any CPU.ActiveCfg = Debug|Any CPU
		{67268E9E-AA3B-4D9E-956A-158922DA6B79}.Debug|Any CPU.Build.0 = Debug|Any CPU
		{67268E9E-AA3B-4D9E-956A-158922DA6B79}.Debug|x86.ActiveCfg = Debug|x86
		{67268E9E-AA3B-4D9E-956A-158922DA6B79}.Debug|x86.Build.0 = Debug|x86
		{67268E9E-AA3B-4D9E-956A-158922DA6B79}.Release|Any CPU.ActiveCfg = Release|Any CPU
		{67268E9E-AA3B-4D9E-956A-158922DA6B79}.Release|Any CPU.Build.0 = Release|Any CPU
		{67268E9E-AA3B-4D9E-956A-158922DA6B79}.Release|x86.ActiveCfg = Release|x86
		{67268E9E-AA3B-4D9E-956A-158922DA6B79}.Release|x86.Build.0 = Release|x86
		{29B14151-E76D-459D-AB2F-50658AA9105E}.Debug|Any CPU.ActiveCfg = Debug|Any CPU
		{29B14151-E76D-459D-AB2F-50658AA9105E}.Debug|Any CPU.Build.0 = Debug|Any CPU
		{29B14151-E76D-459D-AB2F-50658AA9105E}.Debug|x86.ActiveCfg = Debug|Any CPU
		{29B14151-E76D-459D-AB2F-50658AA9105E}.Release|Any CPU.ActiveCfg = Release|Any CPU
		{29B14151-E76D-459D-AB2F-50658AA9105E}.Release|Any CPU.Build.0 = Release|Any CPU
		{29B14151-E76D-459D-AB2F-50658AA9105E}.Release|x86.ActiveCfg = Release|Any CPU
		{1A1ECFC0-CD41-47A0-9574-07317AA6F577}.Debug|Any CPU.ActiveCfg = Debug|Any CPU
		{1A1ECFC0-CD41-47A0-9574-07317AA6F577}.Debug|Any CPU.Build.0 = Debug|Any CPU
		{1A1ECFC0-CD41-47A0-9574-07317AA6F577}.Debug|x86.ActiveCfg = Debug|Any CPU
		{1A1ECFC0-CD41-47A0-9574-07317AA6F577}.Release|Any CPU.ActiveCfg = Debug|Any CPU
		{1A1ECFC0-CD41-47A0-9574-07317AA6F577}.Release|Any CPU.Build.0 = Debug|Any CPU
		{1A1ECFC0-CD41-47A0-9574-07317AA6F577}.Release|x86.ActiveCfg = Debug|Any CPU
	EndGlobalSection
	GlobalSection(SolutionProperties) = preSolution
		HideSolutionNode = FALSE
	EndGlobalSection
EndGlobal
