
Microsoft Visual Studio Solution File, Format Version 10.00
# Visual Studio 2008
Project("{FAE04EC0-301F-11D3-BF4B-00C04F79EFBC}") = "Suwako", "Suwako\Suwako.csproj", "{D33B3D16-91D1-4D10-85E7-608953C69366}"
EndProject
Project("{FAE04EC0-301F-11D3-BF4B-00C04F79EFBC}") = "DeepinSummer", "..\..\DeepinSummer\trunk\DeepinSummer\DeepinSummer.csproj", "{67268E9E-AA3B-4D9E-956A-158922DA6B79}"
EndProject
Global
	GlobalSection(SolutionConfigurationPlatforms) = preSolution
		Debug|Any CPU = Debug|Any CPU
		Release|Any CPU = Release|Any CPU
	EndGlobalSection
	GlobalSection(ProjectConfigurationPlatforms) = postSolution
		{D33B3D16-91D1-4D10-85E7-608953C69366}.Debug|Any CPU.ActiveCfg = Debug|Any CPU
		{D33B3D16-91D1-4D10-85E7-608953C69366}.Debug|Any CPU.Build.0 = Debug|Any CPU
		{D33B3D16-91D1-4D10-85E7-608953C69366}.Release|Any CPU.ActiveCfg = Release|Any CPU
		{D33B3D16-91D1-4D10-85E7-608953C69366}.Release|Any CPU.Build.0 = Release|Any CPU
		{67268E9E-AA3B-4D9E-956A-158922DA6B79}.Debug|Any CPU.ActiveCfg = Debug|Any CPU
		{67268E9E-AA3B-4D9E-956A-158922DA6B79}.Debug|Any CPU.Build.0 = Debug|Any CPU
		{67268E9E-AA3B-4D9E-956A-158922DA6B79}.Release|Any CPU.ActiveCfg = Release|Any CPU
		{67268E9E-AA3B-4D9E-956A-158922DA6B79}.Release|Any CPU.Build.0 = Release|Any CPU
	EndGlobalSection
	GlobalSection(SolutionProperties) = preSolution
		HideSolutionNode = FALSE
	EndGlobalSection
EndGlobal
