
Microsoft Visual Studio Solution File, Format Version 11.00
# Visual Studio 2010
Project("{FAE04EC0-301F-11D3-BF4B-00C04F79EFBC}") = "KeyboardHook", "KeyboardHook\KeyboardHook.csproj", "{02CE0BC2-94CC-4346-9031-7FC6B8C165C5}"
EndProject
Global
	GlobalSection(SolutionConfigurationPlatforms) = preSolution
		Debug|Any CPU = Debug|Any CPU
		Release|Any CPU = Release|Any CPU
	EndGlobalSection
	GlobalSection(ProjectConfigurationPlatforms) = postSolution
		{02CE0BC2-94CC-4346-9031-7FC6B8C165C5}.Debug|Any CPU.ActiveCfg = Debug|Any CPU
		{02CE0BC2-94CC-4346-9031-7FC6B8C165C5}.Debug|Any CPU.Build.0 = Debug|Any CPU
		{02CE0BC2-94CC-4346-9031-7FC6B8C165C5}.Release|Any CPU.ActiveCfg = Release|Any CPU
		{02CE0BC2-94CC-4346-9031-7FC6B8C165C5}.Release|Any CPU.Build.0 = Release|Any CPU
	EndGlobalSection
	GlobalSection(SolutionProperties) = preSolution
		HideSolutionNode = FALSE
	EndGlobalSection
EndGlobal
