Microsoft Visual Studio Solution File, Format Version 10.00
# Visual Studio 2008
Project("{FAE04EC0-301F-11D3-BF4B-00C04F79EFBC}") = "PHPSerializationLibrary", "PHPSerializationLibrary\PHPSerializationLibrary.csproj", "{6784499D-5EE4-43BD-BD2D-CCC1F6BD6487}"
EndProject
Project("{FAE04EC0-301F-11D3-BF4B-00C04F79EFBC}") = "SerializerTest", "SerializerTest\SerializerTest.csproj", "{DA25112E-FF94-46D1-BF29-5ED41DABD802}"
EndProject
Global
	GlobalSection(SolutionConfigurationPlatforms) = preSolution
		Debug|Any CPU = Debug|Any CPU
		Release|Any CPU = Release|Any CPU
	EndGlobalSection
	GlobalSection(ProjectConfigurationPlatforms) = postSolution
		{6784499D-5EE4-43BD-BD2D-CCC1F6BD6487}.Debug|Any CPU.ActiveCfg = Debug|Any CPU
		{6784499D-5EE4-43BD-BD2D-CCC1F6BD6487}.Debug|Any CPU.Build.0 = Debug|Any CPU
		{6784499D-5EE4-43BD-BD2D-CCC1F6BD6487}.Release|Any CPU.ActiveCfg = Release|Any CPU
		{6784499D-5EE4-43BD-BD2D-CCC1F6BD6487}.Release|Any CPU.Build.0 = Release|Any CPU
		{DA25112E-FF94-46D1-BF29-5ED41DABD802}.Debug|Any CPU.ActiveCfg = Debug|Any CPU
		{DA25112E-FF94-46D1-BF29-5ED41DABD802}.Debug|Any CPU.Build.0 = Debug|Any CPU
		{DA25112E-FF94-46D1-BF29-5ED41DABD802}.Release|Any CPU.ActiveCfg = Release|Any CPU
		{DA25112E-FF94-46D1-BF29-5ED41DABD802}.Release|Any CPU.Build.0 = Release|Any CPU
	EndGlobalSection
	GlobalSection(SolutionProperties) = preSolution
		HideSolutionNode = FALSE
	EndGlobalSection
EndGlobal
